// !$*UTF8*$!
{
	archiveVersion = 1;
	classes = {
	};
	objectVersion = 56;
	objects = {

/* Begin PBXBuildFile section */
		46BC9A01483E3A6F2E03E024 /* Pods_HW_22.framework in Frameworks */ = {isa = PBXBuildFile; fileRef = 0B730E92F0D62447C1AF0939 /* Pods_HW_22.framework */; };
		527D24CA2A3F89BB007DE258 /* FilmCellModel.swift in Sources */ = {isa = PBXBuildFile; fileRef = 527D24C92A3F89BB007DE258 /* FilmCellModel.swift */; };
		527D24CC2A3F9039007DE258 /* FilmViewModelProtocol.swift in Sources */ = {isa = PBXBuildFile; fileRef = 527D24CB2A3F9039007DE258 /* FilmViewModelProtocol.swift */; };
		527D2DBB2A429444006D6FE9 /* FilmListView.swift in Sources */ = {isa = PBXBuildFile; fileRef = 527D2DBA2A429444006D6FE9 /* FilmListView.swift */; };
		527D2DBD2A429818006D6FE9 /* FilmListViewModel.swift in Sources */ = {isa = PBXBuildFile; fileRef = 527D2DBC2A429818006D6FE9 /* FilmListViewModel.swift */; };
		52BAE8172A1BFE3800AA6602 /* AppDelegate.swift in Sources */ = {isa = PBXBuildFile; fileRef = 52BAE8162A1BFE3800AA6602 /* AppDelegate.swift */; };
		52BAE8192A1BFE3800AA6602 /* SceneDelegate.swift in Sources */ = {isa = PBXBuildFile; fileRef = 52BAE8182A1BFE3800AA6602 /* SceneDelegate.swift */; };
		52BAE81E2A1BFE3800AA6602 /* Main.storyboard in Resources */ = {isa = PBXBuildFile; fileRef = 52BAE81C2A1BFE3800AA6602 /* Main.storyboard */; };
		52BAE8202A1BFE3B00AA6602 /* Assets.xcassets in Resources */ = {isa = PBXBuildFile; fileRef = 52BAE81F2A1BFE3B00AA6602 /* Assets.xcassets */; };
		52BAE8232A1BFE3B00AA6602 /* LaunchScreen.storyboard in Resources */ = {isa = PBXBuildFile; fileRef = 52BAE8212A1BFE3B00AA6602 /* LaunchScreen.storyboard */; };
		52BAE82C2A1BFEA200AA6602 /* FilmTableViewCell.swift in Sources */ = {isa = PBXBuildFile; fileRef = 52BAE82B2A1BFEA200AA6602 /* FilmTableViewCell.swift */; };
		52BAE82E2A1BFEC300AA6602 /* FilmViewController.swift in Sources */ = {isa = PBXBuildFile; fileRef = 52BAE82D2A1BFEC300AA6602 /* FilmViewController.swift */; };
		52BAE8302A1BFEED00AA6602 /* FilmPresenter.swift in Sources */ = {isa = PBXBuildFile; fileRef = 52BAE82F2A1BFEED00AA6602 /* FilmPresenter.swift */; };
		52BAE8352A1C008B00AA6602 /* ApiResponce.swift in Sources */ = {isa = PBXBuildFile; fileRef = 52BAE8342A1C008B00AA6602 /* ApiResponce.swift */; };
		52BAE8372A1C00B600AA6602 /* ApiService.swift in Sources */ = {isa = PBXBuildFile; fileRef = 52BAE8362A1C00B600AA6602 /* ApiService.swift */; };
		52BAE83B2A1C07F000AA6602 /* Extentions.swift in Sources */ = {isa = PBXBuildFile; fileRef = 52BAE83A2A1C07F000AA6602 /* Extentions.swift */; };
		52FC24B12A3CD72200E6A886 /* SecondScreenViewController.swift in Sources */ = {isa = PBXBuildFile; fileRef = 52FC24B02A3CD72200E6A886 /* SecondScreenViewController.swift */; };
/* End PBXBuildFile section */

/* Begin PBXFileReference section */
		0A2765D2AEDCDEF67710FD8D /* Pods-HW-22.release.xcconfig */ = {isa = PBXFileReference; includeInIndex = 1; lastKnownFileType = text.xcconfig; name = "Pods-HW-22.release.xcconfig"; path = "Target Support Files/Pods-HW-22/Pods-HW-22.release.xcconfig"; sourceTree = "<group>"; };
		0B730E92F0D62447C1AF0939 /* Pods_HW_22.framework */ = {isa = PBXFileReference; explicitFileType = wrapper.framework; includeInIndex = 0; path = Pods_HW_22.framework; sourceTree = BUILT_PRODUCTS_DIR; };
		527D24C92A3F89BB007DE258 /* FilmCellModel.swift */ = {isa = PBXFileReference; lastKnownFileType = sourcecode.swift; path = FilmCellModel.swift; sourceTree = "<group>"; };
		527D24CB2A3F9039007DE258 /* FilmViewModelProtocol.swift */ = {isa = PBXFileReference; lastKnownFileType = sourcecode.swift; path = FilmViewModelProtocol.swift; sourceTree = "<group>"; };
		527D2DBA2A429444006D6FE9 /* FilmListView.swift */ = {isa = PBXFileReference; fileEncoding = 4; lastKnownFileType = sourcecode.swift; path = FilmListView.swift; sourceTree = "<group>"; };
		527D2DBC2A429818006D6FE9 /* FilmListViewModel.swift */ = {isa = PBXFileReference; lastKnownFileType = sourcecode.swift; path = FilmListViewModel.swift; sourceTree = "<group>"; };
		52BAE8132A1BFE3800AA6602 /* HW-22.app */ = {isa = PBXFileReference; explicitFileType = wrapper.application; includeInIndex = 0; path = "HW-22.app"; sourceTree = BUILT_PRODUCTS_DIR; };
		52BAE8162A1BFE3800AA6602 /* AppDelegate.swift */ = {isa = PBXFileReference; lastKnownFileType = sourcecode.swift; path = AppDelegate.swift; sourceTree = "<group>"; };
		52BAE8182A1BFE3800AA6602 /* SceneDelegate.swift */ = {isa = PBXFileReference; lastKnownFileType = sourcecode.swift; path = SceneDelegate.swift; sourceTree = "<group>"; };
		52BAE81D2A1BFE3800AA6602 /* Base */ = {isa = PBXFileReference; lastKnownFileType = file.storyboard; name = Base; path = Base.lproj/Main.storyboard; sourceTree = "<group>"; };
		52BAE81F2A1BFE3B00AA6602 /* Assets.xcassets */ = {isa = PBXFileReference; lastKnownFileType = folder.assetcatalog; path = Assets.xcassets; sourceTree = "<group>"; };
		52BAE8222A1BFE3B00AA6602 /* Base */ = {isa = PBXFileReference; lastKnownFileType = file.storyboard; name = Base; path = Base.lproj/LaunchScreen.storyboard; sourceTree = "<group>"; };
		52BAE8242A1BFE3B00AA6602 /* Info.plist */ = {isa = PBXFileReference; lastKnownFileType = text.plist.xml; path = Info.plist; sourceTree = "<group>"; };
		52BAE82B2A1BFEA200AA6602 /* FilmTableViewCell.swift */ = {isa = PBXFileReference; lastKnownFileType = sourcecode.swift; path = FilmTableViewCell.swift; sourceTree = "<group>"; };
		52BAE82D2A1BFEC300AA6602 /* FilmViewController.swift */ = {isa = PBXFileReference; lastKnownFileType = sourcecode.swift; path = FilmViewController.swift; sourceTree = "<group>"; };
		52BAE82F2A1BFEED00AA6602 /* FilmPresenter.swift */ = {isa = PBXFileReference; lastKnownFileType = sourcecode.swift; path = FilmPresenter.swift; sourceTree = "<group>"; };
		52BAE8342A1C008B00AA6602 /* ApiResponce.swift */ = {isa = PBXFileReference; lastKnownFileType = sourcecode.swift; path = ApiResponce.swift; sourceTree = "<group>"; };
		52BAE8362A1C00B600AA6602 /* ApiService.swift */ = {isa = PBXFileReference; lastKnownFileType = sourcecode.swift; path = ApiService.swift; sourceTree = "<group>"; };
		52BAE83A2A1C07F000AA6602 /* Extentions.swift */ = {isa = PBXFileReference; lastKnownFileType = sourcecode.swift; path = Extentions.swift; sourceTree = "<group>"; };
		52FC24B02A3CD72200E6A886 /* SecondScreenViewController.swift */ = {isa = PBXFileReference; lastKnownFileType = sourcecode.swift; path = SecondScreenViewController.swift; sourceTree = "<group>"; };
		60B6C8A56889ACF333E59B9D /* Pods-HW-22.debug.xcconfig */ = {isa = PBXFileReference; includeInIndex = 1; lastKnownFileType = text.xcconfig; name = "Pods-HW-22.debug.xcconfig"; path = "Target Support Files/Pods-HW-22/Pods-HW-22.debug.xcconfig"; sourceTree = "<group>"; };
/* End PBXFileReference section */

/* Begin PBXFrameworksBuildPhase section */
		52BAE8102A1BFE3800AA6602 /* Frameworks */ = {
			isa = PBXFrameworksBuildPhase;
			buildActionMask = 2147483647;
			files = (
				46BC9A01483E3A6F2E03E024 /* Pods_HW_22.framework in Frameworks */,
			);
			runOnlyForDeploymentPostprocessing = 0;
		};
/* End PBXFrameworksBuildPhase section */

/* Begin PBXGroup section */
		26F1071D597FD21E51CCA021 /* Pods */ = {
			isa = PBXGroup;
			children = (
				60B6C8A56889ACF333E59B9D /* Pods-HW-22.debug.xcconfig */,
				0A2765D2AEDCDEF67710FD8D /* Pods-HW-22.release.xcconfig */,
			);
			path = Pods;
			sourceTree = "<group>";
		};
		5275900F2A3E28A3005899EC /* MVVM */ = {
			isa = PBXGroup;
			children = (
				527D24C92A3F89BB007DE258 /* FilmCellModel.swift */,
				527D24CB2A3F9039007DE258 /* FilmViewModelProtocol.swift */,
				527D2DBA2A429444006D6FE9 /* FilmListView.swift */,
				527D2DBC2A429818006D6FE9 /* FilmListViewModel.swift */,
			);
			path = MVVM;
			sourceTree = "<group>";
		};
		52BAE80A2A1BFE3800AA6602 = {
			isa = PBXGroup;
			children = (
				52BAE8152A1BFE3800AA6602 /* HW-22 */,
				52BAE8142A1BFE3800AA6602 /* Products */,
				26F1071D597FD21E51CCA021 /* Pods */,
				DF3F0774E9AD6358E4877677 /* Frameworks */,
			);
			sourceTree = "<group>";
		};
		52BAE8142A1BFE3800AA6602 /* Products */ = {
			isa = PBXGroup;
			children = (
				52BAE8132A1BFE3800AA6602 /* HW-22.app */,
			);
			name = Products;
			sourceTree = "<group>";
		};
		52BAE8152A1BFE3800AA6602 /* HW-22 */ = {
			isa = PBXGroup;
			children = (
				52BAE8162A1BFE3800AA6602 /* AppDelegate.swift */,
				52BAE8182A1BFE3800AA6602 /* SceneDelegate.swift */,
				52BAE83A2A1C07F000AA6602 /* Extentions.swift */,
				52BAE8332A1BFFEE00AA6602 /* APIService */,
				52BAE82A2A1BFE6B00AA6602 /* MVP */,
				5275900F2A3E28A3005899EC /* MVVM */,
				52FC24AF2A3CD4E800E6A886 /* SecondScreen */,
				52BAE81C2A1BFE3800AA6602 /* Main.storyboard */,
				52BAE81F2A1BFE3B00AA6602 /* Assets.xcassets */,
				52BAE8212A1BFE3B00AA6602 /* LaunchScreen.storyboard */,
				52BAE8242A1BFE3B00AA6602 /* Info.plist */,
			);
			path = "HW-22";
			sourceTree = "<group>";
		};
		52BAE82A2A1BFE6B00AA6602 /* MVP */ = {
			isa = PBXGroup;
			children = (
				52BAE8312A1BFFAB00AA6602 /* FirstScren */,
			);
			path = MVP;
			sourceTree = "<group>";
		};
		52BAE8312A1BFFAB00AA6602 /* FirstScren */ = {
			isa = PBXGroup;
			children = (
				52BAE8322A1BFFC500AA6602 /* Module */,
			);
			path = FirstScren;
			sourceTree = "<group>";
		};
		52BAE8322A1BFFC500AA6602 /* Module */ = {
			isa = PBXGroup;
			children = (
				52BAE82B2A1BFEA200AA6602 /* FilmTableViewCell.swift */,
				52BAE82D2A1BFEC300AA6602 /* FilmViewController.swift */,
				52BAE82F2A1BFEED00AA6602 /* FilmPresenter.swift */,
			);
			path = Module;
			sourceTree = "<group>";
		};
		52BAE8332A1BFFEE00AA6602 /* APIService */ = {
			isa = PBXGroup;
			children = (
				52BAE8342A1C008B00AA6602 /* ApiResponce.swift */,
				52BAE8362A1C00B600AA6602 /* ApiService.swift */,
			);
			path = APIService;
			sourceTree = "<group>";
		};
		52FC24AF2A3CD4E800E6A886 /* SecondScreen */ = {
			isa = PBXGroup;
			children = (
				52FC24B02A3CD72200E6A886 /* SecondScreenViewController.swift */,
			);
			path = SecondScreen;
			sourceTree = "<group>";
		};
		DF3F0774E9AD6358E4877677 /* Frameworks */ = {
			isa = PBXGroup;
			children = (
				0B730E92F0D62447C1AF0939 /* Pods_HW_22.framework */,
			);
			name = Frameworks;
			sourceTree = "<group>";
		};
/* End PBXGroup section */

/* Begin PBXNativeTarget section */
		52BAE8122A1BFE3800AA6602 /* HW-22 */ = {
			isa = PBXNativeTarget;
			buildConfigurationList = 52BAE8272A1BFE3B00AA6602 /* Build configuration list for PBXNativeTarget "HW-22" */;
			buildPhases = (
				3882AC1882E980AB4B6018C1 /* [CP] Check Pods Manifest.lock */,
				52BAE80F2A1BFE3800AA6602 /* Sources */,
				52BAE8102A1BFE3800AA6602 /* Frameworks */,
				52BAE8112A1BFE3800AA6602 /* Resources */,
				A54BDDEDD6F245821749388A /* [CP] Embed Pods Frameworks */,
				527F06032A51B73C0007596A /* ShellScript */,
			);
			buildRules = (
			);
			dependencies = (
			);
			name = "HW-22";
			productName = "HW-22";
			productReference = 52BAE8132A1BFE3800AA6602 /* HW-22.app */;
			productType = "com.apple.product-type.application";
		};
/* End PBXNativeTarget section */

/* Begin PBXProject section */
		52BAE80B2A1BFE3800AA6602 /* Project object */ = {
			isa = PBXProject;
			attributes = {
				BuildIndependentTargetsInParallel = 1;
				LastSwiftUpdateCheck = 1420;
				LastUpgradeCheck = 1420;
				TargetAttributes = {
					52BAE8122A1BFE3800AA6602 = {
						CreatedOnToolsVersion = 14.2;
					};
				};
			};
			buildConfigurationList = 52BAE80E2A1BFE3800AA6602 /* Build configuration list for PBXProject "HW-22" */;
			compatibilityVersion = "Xcode 14.0";
			developmentRegion = en;
			hasScannedForEncodings = 0;
			knownRegions = (
				en,
				Base,
			);
			mainGroup = 52BAE80A2A1BFE3800AA6602;
			productRefGroup = 52BAE8142A1BFE3800AA6602 /* Products */;
			projectDirPath = "";
			projectRoot = "";
			targets = (
				52BAE8122A1BFE3800AA6602 /* HW-22 */,
			);
		};
/* End PBXProject section */

/* Begin PBXResourcesBuildPhase section */
		52BAE8112A1BFE3800AA6602 /* Resources */ = {
			isa = PBXResourcesBuildPhase;
			buildActionMask = 2147483647;
			files = (
				52BAE8232A1BFE3B00AA6602 /* LaunchScreen.storyboard in Resources */,
				52BAE8202A1BFE3B00AA6602 /* Assets.xcassets in Resources */,
				52BAE81E2A1BFE3800AA6602 /* Main.storyboard in Resources */,
			);
			runOnlyForDeploymentPostprocessing = 0;
		};
/* End PBXResourcesBuildPhase section */

/* Begin PBXShellScriptBuildPhase section */
		3882AC1882E980AB4B6018C1 /* [CP] Check Pods Manifest.lock */ = {
			isa = PBXShellScriptBuildPhase;
			buildActionMask = 2147483647;
			files = (
			);
			inputFileListPaths = (
			);
			inputPaths = (
				"${PODS_PODFILE_DIR_PATH}/Podfile.lock",
				"${PODS_ROOT}/Manifest.lock",
			);
			name = "[CP] Check Pods Manifest.lock";
			outputFileListPaths = (
			);
			outputPaths = (
				"$(DERIVED_FILE_DIR)/Pods-HW-22-checkManifestLockResult.txt",
			);
			runOnlyForDeploymentPostprocessing = 0;
			shellPath = /bin/sh;
			shellScript = "diff \"${PODS_PODFILE_DIR_PATH}/Podfile.lock\" \"${PODS_ROOT}/Manifest.lock\" > /dev/null\nif [ $? != 0 ] ; then\n    # print error to STDERR\n    echo \"error: The sandbox is not in sync with the Podfile.lock. Run 'pod install' or update your CocoaPods installation.\" >&2\n    exit 1\nfi\n# This output is used by Xcode 'outputs' to avoid re-running this script phase.\necho \"SUCCESS\" > \"${SCRIPT_OUTPUT_FILE_0}\"\n";
			showEnvVarsInLog = 0;
		};
		527F06032A51B73C0007596A /* ShellScript */ = {
			isa = PBXShellScriptBuildPhase;
			buildActionMask = 2147483647;
			files = (
			);
			inputFileListPaths = (
			);
			inputPaths = (
			);
			outputFileListPaths = (
			);
			outputPaths = (
			);
			runOnlyForDeploymentPostprocessing = 0;
			shellPath = /bin/sh;
			shellScript = "# Type a script or drag a script file from your workspace to insert its path.\n\n";
		};
		A54BDDEDD6F245821749388A /* [CP] Embed Pods Frameworks */ = {
			isa = PBXShellScriptBuildPhase;
			buildActionMask = 2147483647;
			files = (
			);
			inputFileListPaths = (
				"${PODS_ROOT}/Target Support Files/Pods-HW-22/Pods-HW-22-frameworks-${CONFIGURATION}-input-files.xcfilelist",
			);
			name = "[CP] Embed Pods Frameworks";
			outputFileListPaths = (
				"${PODS_ROOT}/Target Support Files/Pods-HW-22/Pods-HW-22-frameworks-${CONFIGURATION}-output-files.xcfilelist",
			);
			runOnlyForDeploymentPostprocessing = 0;
			shellPath = /bin/sh;
			shellScript = "\"${PODS_ROOT}/Target Support Files/Pods-HW-22/Pods-HW-22-frameworks.sh\"\n";
			showEnvVarsInLog = 0;
		};
/* End PBXShellScriptBuildPhase section */

/* Begin PBXSourcesBuildPhase section */
		52BAE80F2A1BFE3800AA6602 /* Sources */ = {
			isa = PBXSourcesBuildPhase;
			buildActionMask = 2147483647;
			files = (
				527D2DBB2A429444006D6FE9 /* FilmListView.swift in Sources */,
				52BAE82C2A1BFEA200AA6602 /* FilmTableViewCell.swift in Sources */,
				527D2DBD2A429818006D6FE9 /* FilmListViewModel.swift in Sources */,
				52BAE8352A1C008B00AA6602 /* ApiResponce.swift in Sources */,
				52BAE8172A1BFE3800AA6602 /* AppDelegate.swift in Sources */,
				527D24CA2A3F89BB007DE258 /* FilmCellModel.swift in Sources */,
				52FC24B12A3CD72200E6A886 /* SecondScreenViewController.swift in Sources */,
				52BAE8302A1BFEED00AA6602 /* FilmPresenter.swift in Sources */,
				52BAE82E2A1BFEC300AA6602 /* FilmViewController.swift in Sources */,
				52BAE8372A1C00B600AA6602 /* ApiService.swift in Sources */,
				52BAE8192A1BFE3800AA6602 /* SceneDelegate.swift in Sources */,
				527D24CC2A3F9039007DE258 /* FilmViewModelProtocol.swift in Sources */,
				52BAE83B2A1C07F000AA6602 /* Extentions.swift in Sources */,
			);
			runOnlyForDeploymentPostprocessing = 0;
		};
/* End PBXSourcesBuildPhase section */

/* Begin PBXVariantGroup section */
		52BAE81C2A1BFE3800AA6602 /* Main.storyboard */ = {
			isa = PBXVariantGroup;
			children = (
				52BAE81D2A1BFE3800AA6602 /* Base */,
			);
			name = Main.storyboard;
			sourceTree = "<group>";
		};
		52BAE8212A1BFE3B00AA6602 /* LaunchScreen.storyboard */ = {
			isa = PBXVariantGroup;
			children = (
				52BAE8222A1BFE3B00AA6602 /* Base */,
			);
			name = LaunchScreen.storyboard;
			sourceTree = "<group>";
		};
/* End PBXVariantGroup section */

/* Begin XCBuildConfiguration section */
		52BAE8252A1BFE3B00AA6602 /* Debug */ = {
			isa = XCBuildConfiguration;
			buildSettings = {
				ALWAYS_SEARCH_USER_PATHS = NO;
				CLANG_ANALYZER_NONNULL = YES;
				CLANG_ANALYZER_NUMBER_OBJECT_CONVERSION = YES_AGGRESSIVE;
				CLANG_CXX_LANGUAGE_STANDARD = "gnu++20";
				CLANG_ENABLE_MODULES = YES;
				CLANG_ENABLE_OBJC_ARC = YES;
				CLANG_ENABLE_OBJC_WEAK = YES;
				CLANG_WARN_BLOCK_CAPTURE_AUTORELEASING = YES;
				CLANG_WARN_BOOL_CONVERSION = YES;
				CLANG_WARN_COMMA = YES;
				CLANG_WARN_CONSTANT_CONVERSION = YES;
				CLANG_WARN_DEPRECATED_OBJC_IMPLEMENTATIONS = YES;
				CLANG_WARN_DIRECT_OBJC_ISA_USAGE = YES_ERROR;
				CLANG_WARN_DOCUMENTATION_COMMENTS = YES;
				CLANG_WARN_EMPTY_BODY = YES;
				CLANG_WARN_ENUM_CONVERSION = YES;
				CLANG_WARN_INFINITE_RECURSION = YES;
				CLANG_WARN_INT_CONVERSION = YES;
				CLANG_WARN_NON_LITERAL_NULL_CONVERSION = YES;
				CLANG_WARN_OBJC_IMPLICIT_RETAIN_SELF = YES;
				CLANG_WARN_OBJC_LITERAL_CONVERSION = YES;
				CLANG_WARN_OBJC_ROOT_CLASS = YES_ERROR;
				CLANG_WARN_QUOTED_INCLUDE_IN_FRAMEWORK_HEADER = YES;
				CLANG_WARN_RANGE_LOOP_ANALYSIS = YES;
				CLANG_WARN_STRICT_PROTOTYPES = YES;
				CLANG_WARN_SUSPICIOUS_MOVE = YES;
				CLANG_WARN_UNGUARDED_AVAILABILITY = YES_AGGRESSIVE;
				CLANG_WARN_UNREACHABLE_CODE = YES;
				CLANG_WARN__DUPLICATE_METHOD_MATCH = YES;
				COPY_PHASE_STRIP = NO;
				DEBUG_INFORMATION_FORMAT = dwarf;
				ENABLE_STRICT_OBJC_MSGSEND = YES;
				ENABLE_TESTABILITY = YES;
				GCC_C_LANGUAGE_STANDARD = gnu11;
				GCC_DYNAMIC_NO_PIC = NO;
				GCC_NO_COMMON_BLOCKS = YES;
				GCC_OPTIMIZATION_LEVEL = 0;
				GCC_PREPROCESSOR_DEFINITIONS = (
					"DEBUG=1",
					"$(inherited)",
				);
				GCC_WARN_64_TO_32_BIT_CONVERSION = YES;
				GCC_WARN_ABOUT_RETURN_TYPE = YES_ERROR;
				GCC_WARN_UNDECLARED_SELECTOR = YES;
				GCC_WARN_UNINITIALIZED_AUTOS = YES_AGGRESSIVE;
				GCC_WARN_UNUSED_FUNCTION = YES;
				GCC_WARN_UNUSED_VARIABLE = YES;
				IPHONEOS_DEPLOYMENT_TARGET = 16.2;
				MTL_ENABLE_DEBUG_INFO = INCLUDE_SOURCE;
				MTL_FAST_MATH = YES;
				ONLY_ACTIVE_ARCH = YES;
				SDKROOT = iphoneos;
				SWIFT_ACTIVE_COMPILATION_CONDITIONS = DEBUG;
				SWIFT_OPTIMIZATION_LEVEL = "-Onone";
			};
			name = Debug;
		};
		52BAE8262A1BFE3B00AA6602 /* Release */ = {
			isa = XCBuildConfiguration;
			buildSettings = {
				ALWAYS_SEARCH_USER_PATHS = NO;
				CLANG_ANALYZER_NONNULL = YES;
				CLANG_ANALYZER_NUMBER_OBJECT_CONVERSION = YES_AGGRESSIVE;
				CLANG_CXX_LANGUAGE_STANDARD = "gnu++20";
				CLANG_ENABLE_MODULES = YES;
				CLANG_ENABLE_OBJC_ARC = YES;
				CLANG_ENABLE_OBJC_WEAK = YES;
				CLANG_WARN_BLOCK_CAPTURE_AUTORELEASING = YES;
				CLANG_WARN_BOOL_CONVERSION = YES;
				CLANG_WARN_COMMA = YES;
				CLANG_WARN_CONSTANT_CONVERSION = YES;
				CLANG_WARN_DEPRECATED_OBJC_IMPLEMENTATIONS = YES;
				CLANG_WARN_DIRECT_OBJC_ISA_USAGE = YES_ERROR;
				CLANG_WARN_DOCUMENTATION_COMMENTS = YES;
				CLANG_WARN_EMPTY_BODY = YES;
				CLANG_WARN_ENUM_CONVERSION = YES;
				CLANG_WARN_INFINITE_RECURSION = YES;
				CLANG_WARN_INT_CONVERSION = YES;
				CLANG_WARN_NON_LITERAL_NULL_CONVERSION = YES;
				CLANG_WARN_OBJC_IMPLICIT_RETAIN_SELF = YES;
				CLANG_WARN_OBJC_LITERAL_CONVERSION = YES;
				CLANG_WARN_OBJC_ROOT_CLASS = YES_ERROR;
				CLANG_WARN_QUOTED_INCLUDE_IN_FRAMEWORK_HEADER = YES;
				CLANG_WARN_RANGE_LOOP_ANALYSIS = YES;
				CLANG_WARN_STRICT_PROTOTYPES = YES;
				CLANG_WARN_SUSPICIOUS_MOVE = YES;
				CLANG_WARN_UNGUARDED_AVAILABILITY = YES_AGGRESSIVE;
				CLANG_WARN_UNREACHABLE_CODE = YES;
				CLANG_WARN__DUPLICATE_METHOD_MATCH = YES;
				COPY_PHASE_STRIP = NO;
				DEBUG_INFORMATION_FORMAT = "dwarf-with-dsym";
				ENABLE_NS_ASSERTIONS = NO;
				ENABLE_STRICT_OBJC_MSGSEND = YES;
				GCC_C_LANGUAGE_STANDARD = gnu11;
				GCC_NO_COMMON_BLOCKS = YES;
				GCC_WARN_64_TO_32_BIT_CONVERSION = YES;
				GCC_WARN_ABOUT_RETURN_TYPE = YES_ERROR;
				GCC_WARN_UNDECLARED_SELECTOR = YES;
				GCC_WARN_UNINITIALIZED_AUTOS = YES_AGGRESSIVE;
				GCC_WARN_UNUSED_FUNCTION = YES;
				GCC_WARN_UNUSED_VARIABLE = YES;
				IPHONEOS_DEPLOYMENT_TARGET = 16.2;
				MTL_ENABLE_DEBUG_INFO = NO;
				MTL_FAST_MATH = YES;
				SDKROOT = iphoneos;
				SWIFT_COMPILATION_MODE = wholemodule;
				SWIFT_OPTIMIZATION_LEVEL = "-O";
				VALIDATE_PRODUCT = YES;
			};
			name = Release;
		};
		52BAE8282A1BFE3B00AA6602 /* Debug */ = {
			isa = XCBuildConfiguration;
			baseConfigurationReference = 60B6C8A56889ACF333E59B9D /* Pods-HW-22.debug.xcconfig */;
			buildSettings = {
				ASSETCATALOG_COMPILER_APPICON_NAME = AppIcon;
				ASSETCATALOG_COMPILER_GLOBAL_ACCENT_COLOR_NAME = AccentColor;
				CODE_SIGN_STYLE = Automatic;
				CURRENT_PROJECT_VERSION = 1;
				DEVELOPMENT_TEAM = 8UZ3QF35J7;
				GENERATE_INFOPLIST_FILE = YES;
				INFOPLIST_FILE = "HW-22/Info.plist";
				INFOPLIST_KEY_UIApplicationSupportsIndirectInputEvents = YES;
				INFOPLIST_KEY_UILaunchStoryboardName = LaunchScreen;
				INFOPLIST_KEY_UIMainStoryboardFile = Main;
				INFOPLIST_KEY_UISupportedInterfaceOrientations_iPad = "UIInterfaceOrientationPortrait UIInterfaceOrientationPortraitUpsideDown UIInterfaceOrientationLandscapeLeft UIInterfaceOrientationLandscapeRight";
				INFOPLIST_KEY_UISupportedInterfaceOrientations_iPhone = "UIInterfaceOrientationPortrait UIInterfaceOrientationLandscapeLeft UIInterfaceOrientationLandscapeRight";
				LD_RUNPATH_SEARCH_PATHS = (
					"$(inherited)",
					"@executable_path/Frameworks",
				);
				MARKETING_VERSION = 1.0;
				PRODUCT_BUNDLE_IDENTIFIER = "skillBox.HW-22";
				PRODUCT_NAME = "$(TARGET_NAME)";
				SWIFT_EMIT_LOC_STRINGS = YES;
				SWIFT_VERSION = 5.0;
				TARGETED_DEVICE_FAMILY = "1,2";
			};
			name = Debug;
		};
		52BAE8292A1BFE3B00AA6602 /* Release */ = {
			isa = XCBuildConfiguration;
			baseConfigurationReference = 0A2765D2AEDCDEF67710FD8D /* Pods-HW-22.release.xcconfig */;
			buildSettings = {
				ASSETCATALOG_COMPILER_APPICON_NAME = AppIcon;
				ASSETCATALOG_COMPILER_GLOBAL_ACCENT_COLOR_NAME = AccentColor;
				CODE_SIGN_STYLE = Automatic;
				CURRENT_PROJECT_VERSION = 1;
				DEVELOPMENT_TEAM = 8UZ3QF35J7;
				GENERATE_INFOPLIST_FILE = YES;
				INFOPLIST_FILE = "HW-22/Info.plist";
				INFOPLIST_KEY_UIApplicationSupportsIndirectInputEvents = YES;
				INFOPLIST_KEY_UILaunchStoryboardName = LaunchScreen;
				INFOPLIST_KEY_UIMainStoryboardFile = Main;
				INFOPLIST_KEY_UISupportedInterfaceOrientations_iPad = "UIInterfaceOrientationPortrait UIInterfaceOrientationPortraitUpsideDown UIInterfaceOrientationLandscapeLeft UIInterfaceOrientationLandscapeRight";
				INFOPLIST_KEY_UISupportedInterfaceOrientations_iPhone = "UIInterfaceOrientationPortrait UIInterfaceOrientationLandscapeLeft UIInterfaceOrientationLandscapeRight";
				LD_RUNPATH_SEARCH_PATHS = (
					"$(inherited)",
					"@executable_path/Frameworks",
				);
				MARKETING_VERSION = 1.0;
				PRODUCT_BUNDLE_IDENTIFIER = "skillBox.HW-22";
				PRODUCT_NAME = "$(TARGET_NAME)";
				SWIFT_EMIT_LOC_STRINGS = YES;
				SWIFT_VERSION = 5.0;
				TARGETED_DEVICE_FAMILY = "1,2";
			};
			name = Release;
		};
/* End XCBuildConfiguration section */

/* Begin XCConfigurationList section */
		52BAE80E2A1BFE3800AA6602 /* Build configuration list for PBXProject "HW-22" */ = {
			isa = XCConfigurationList;
			buildConfigurations = (
				52BAE8252A1BFE3B00AA6602 /* Debug */,
				52BAE8262A1BFE3B00AA6602 /* Release */,
			);
			defaultConfigurationIsVisible = 0;
			defaultConfigurationName = Release;
		};
		52BAE8272A1BFE3B00AA6602 /* Build configuration list for PBXNativeTarget "HW-22" */ = {
			isa = XCConfigurationList;
			buildConfigurations = (
				52BAE8282A1BFE3B00AA6602 /* Debug */,
				52BAE8292A1BFE3B00AA6602 /* Release */,
			);
			defaultConfigurationIsVisible = 0;
			defaultConfigurationName = Release;
		};
/* End XCConfigurationList section */
	};
	rootObject = 52BAE80B2A1BFE3800AA6602 /* Project object */;
}
