PODS:
  - SnapKit (5.6.0)
  - SwiftLint (0.52.3)

DEPENDENCIES:
  - SnapKit
  - SwiftLint

SPEC REPOS:
  trunk:
    - SnapKit
    - SwiftLint

SPEC CHECKSUMS:
  SnapKit: e01d52ebb8ddbc333eefe2132acf85c8227d9c25
  SwiftLint: 76ec9c62ad369cff2937474cb34c9af3fa270b7b

PODFILE CHECKSUM: d85565d9f432be9d46b42a5d3b6cd6c39e193a2f

COCOAPODS: 1.11.3
